
Microsoft Visual Studio Solution File, Format Version 12.00
# Visual Studio 15
VisualStudioVersion = 15.0.27130.2027
MinimumVisualStudioVersion = 10.0.40219.1
Project("{FAE04EC0-301F-11D3-BF4B-00C04F79EFBC}") = "Pet Rescue Shelter App", "Pet Rescue Shelter App\Pet Rescue Shelter App.csproj", "{FF11D0B4-21AD-44CB-9DEA-D2BB053244BD}"
EndProject
Global
	GlobalSection(SolutionConfigurationPlatforms) = preSolution
		Debug|Any CPU = Debug|Any CPU
		Release|Any CPU = Release|Any CPU
	EndGlobalSection
	GlobalSection(ProjectConfigurationPlatforms) = postSolution
		{FF11D0B4-21AD-44CB-9DEA-D2BB053244BD}.Debug|Any CPU.ActiveCfg = Debug|Any CPU
		{FF11D0B4-21AD-44CB-9DEA-D2BB053244BD}.Debug|Any CPU.Build.0 = Debug|Any CPU
		{FF11D0B4-21AD-44CB-9DEA-D2BB053244BD}.Release|Any CPU.ActiveCfg = Release|Any CPU
		{FF11D0B4-21AD-44CB-9DEA-D2BB053244BD}.Release|Any CPU.Build.0 = Release|Any CPU
	EndGlobalSection
	GlobalSection(SolutionProperties) = preSolution
		HideSolutionNode = FALSE
	EndGlobalSection
	GlobalSection(ExtensibilityGlobals) = postSolution
		SolutionGuid = {4F0716FB-4E5B-4B73-A79E-F496DFA2A2F6}
	EndGlobalSection
EndGlobal
